
Microsoft Visual Studio Solution File, Format Version 12.00
# Visual Studio Version 17
VisualStudioVersion = 17.4.33205.214
MinimumVisualStudioVersion = 10.0.40219.1
Project("{888888A0-9F3D-457C-B088-3A5042F75D52}") = "registreerimine", "registreerimine.pyproj", "{A0F2D520-2206-4FFD-83E7-16A02F55526B}"
EndProject
Global
	GlobalSection(SolutionConfigurationPlatforms) = preSolution
		Debug|Any CPU = Debug|Any CPU
		Release|Any CPU = Release|Any CPU
	EndGlobalSection
	GlobalSection(ProjectConfigurationPlatforms) = postSolution
		{A0F2D520-2206-4FFD-83E7-16A02F55526B}.Debug|Any CPU.ActiveCfg = Debug|Any CPU
		{A0F2D520-2206-4FFD-83E7-16A02F55526B}.Release|Any CPU.ActiveCfg = Release|Any CPU
	EndGlobalSection
	GlobalSection(SolutionProperties) = preSolution
		HideSolutionNode = FALSE
	EndGlobalSection
	GlobalSection(ExtensibilityGlobals) = postSolution
		SolutionGuid = {391069E8-D442-49DC-BE62-DCA087F65A02}
	EndGlobalSection
EndGlobal
